// !$*UTF8*$!
{
	archiveVersion = 1;
	classes = {
	};
	objectVersion = 46;
	objects = {

/* Begin PBXBuildFile section */
		A9FCE1511E39B5C200B94F30 /* data in Resources */ = {isa = PBXBuildFile; fileRef = A9FCE1501E39B5C200B94F30 /* data */; };
		A9FCE1531E39F40800B94F30 /* SinglePlayerMap.swift in Sources */ = {isa = PBXBuildFile; fileRef = A9FCE1521E39F40800B94F30 /* SinglePlayerMap.swift */; };
		A9FCE1551E39F5FD00B94F30 /* MapRenderer.swift in Sources */ = {isa = PBXBuildFile; fileRef = A9FCE1541E39F5FD00B94F30 /* MapRenderer.swift */; };
		FE1D062F1E27365000944E5E /* AppDelegate.swift in Sources */ = {isa = PBXBuildFile; fileRef = FE1D062E1E27365000944E5E /* AppDelegate.swift */; };
		FE1D06311E27365000944E5E /* ViewController.swift in Sources */ = {isa = PBXBuildFile; fileRef = FE1D06301E27365000944E5E /* ViewController.swift */; };
		FE1D06331E27365000944E5E /* Assets.xcassets in Resources */ = {isa = PBXBuildFile; fileRef = FE1D06321E27365000944E5E /* Assets.xcassets */; };
		FE1D06361E27365000944E5E /* Main.storyboard in Resources */ = {isa = PBXBuildFile; fileRef = FE1D06341E27365000944E5E /* Main.storyboard */; };
		FE1D06411E27365000944E5E /* WarcraftTests.swift in Sources */ = {isa = PBXBuildFile; fileRef = FE1D06401E27365000944E5E /* WarcraftTests.swift */; };
		FE1D064C1E27365100944E5E /* WarcraftUITests.swift in Sources */ = {isa = PBXBuildFile; fileRef = FE1D064B1E27365100944E5E /* WarcraftUITests.swift */; };
		FE1D065B1E277EF800944E5E /* AVFoundation.framework in Frameworks */ = {isa = PBXBuildFile; fileRef = FE1D065A1E277EF800944E5E /* AVFoundation.framework */; };
		FE2B12211E30A98400881A4D /* intro.mid in Resources */ = {isa = PBXBuildFile; fileRef = FE2B12201E30A98400881A4D /* intro.mid */; };
		FE2B12231E30A9E200881A4D /* menu.mid in Resources */ = {isa = PBXBuildFile; fileRef = FE2B12221E30A9E200881A4D /* menu.mid */; };
		FE2B12251E30A9F600881A4D /* game1.mid in Resources */ = {isa = PBXBuildFile; fileRef = FE2B12241E30A9F600881A4D /* game1.mid */; };
		FE838E951E2F25C900E15154 /* mouseEvents.swift in Sources */ = {isa = PBXBuildFile; fileRef = FE838E941E2F25C900E15154 /* mouseEvents.swift */; };
		FEC733D11E2D5ECC00C84C65 /* intro.wav in Resources */ = {isa = PBXBuildFile; fileRef = FEC733D01E2D5ECC00C84C65 /* intro.wav */; };
/* End PBXBuildFile section */

/* Begin PBXContainerItemProxy section */
		FE1D063D1E27365000944E5E /* PBXContainerItemProxy */ = {
			isa = PBXContainerItemProxy;
			containerPortal = FE1D06231E27365000944E5E /* Project object */;
			proxyType = 1;
			remoteGlobalIDString = FE1D062A1E27365000944E5E;
			remoteInfo = Warcraft;
		};
		FE1D06481E27365100944E5E /* PBXContainerItemProxy */ = {
			isa = PBXContainerItemProxy;
			containerPortal = FE1D06231E27365000944E5E /* Project object */;
			proxyType = 1;
			remoteGlobalIDString = FE1D062A1E27365000944E5E;
			remoteInfo = Warcraft;
		};
/* End PBXContainerItemProxy section */

/* Begin PBXFileReference section */
		A9FCE1501E39B5C200B94F30 /* data */ = {isa = PBXFileReference; lastKnownFileType = folder; path = data; sourceTree = "<group>"; };
		A9FCE1521E39F40800B94F30 /* SinglePlayerMap.swift */ = {isa = PBXFileReference; fileEncoding = 4; lastKnownFileType = sourcecode.swift; path = SinglePlayerMap.swift; sourceTree = "<group>"; };
		A9FCE1541E39F5FD00B94F30 /* MapRenderer.swift */ = {isa = PBXFileReference; fileEncoding = 4; lastKnownFileType = sourcecode.swift; path = MapRenderer.swift; sourceTree = "<group>"; };
		FE1D062B1E27365000944E5E /* Warcraft.app */ = {isa = PBXFileReference; explicitFileType = wrapper.application; includeInIndex = 0; path = Warcraft.app; sourceTree = BUILT_PRODUCTS_DIR; };
		FE1D062E1E27365000944E5E /* AppDelegate.swift */ = {isa = PBXFileReference; lastKnownFileType = sourcecode.swift; path = AppDelegate.swift; sourceTree = "<group>"; };
		FE1D06301E27365000944E5E /* ViewController.swift */ = {isa = PBXFileReference; lastKnownFileType = sourcecode.swift; path = ViewController.swift; sourceTree = "<group>"; };
		FE1D06321E27365000944E5E /* Assets.xcassets */ = {isa = PBXFileReference; lastKnownFileType = folder.assetcatalog; path = Assets.xcassets; sourceTree = "<group>"; };
		FE1D06351E27365000944E5E /* Base */ = {isa = PBXFileReference; lastKnownFileType = file.storyboard; name = Base; path = Base.lproj/Main.storyboard; sourceTree = "<group>"; };
		FE1D06371E27365000944E5E /* Info.plist */ = {isa = PBXFileReference; lastKnownFileType = text.plist.xml; path = Info.plist; sourceTree = "<group>"; };
		FE1D063C1E27365000944E5E /* WarcraftTests.xctest */ = {isa = PBXFileReference; explicitFileType = wrapper.cfbundle; includeInIndex = 0; path = WarcraftTests.xctest; sourceTree = BUILT_PRODUCTS_DIR; };
		FE1D06401E27365000944E5E /* WarcraftTests.swift */ = {isa = PBXFileReference; lastKnownFileType = sourcecode.swift; path = WarcraftTests.swift; sourceTree = "<group>"; };
		FE1D06421E27365000944E5E /* Info.plist */ = {isa = PBXFileReference; lastKnownFileType = text.plist.xml; path = Info.plist; sourceTree = "<group>"; };
		FE1D06471E27365100944E5E /* WarcraftUITests.xctest */ = {isa = PBXFileReference; explicitFileType = wrapper.cfbundle; includeInIndex = 0; path = WarcraftUITests.xctest; sourceTree = BUILT_PRODUCTS_DIR; };
		FE1D064B1E27365100944E5E /* WarcraftUITests.swift */ = {isa = PBXFileReference; lastKnownFileType = sourcecode.swift; path = WarcraftUITests.swift; sourceTree = "<group>"; };
		FE1D064D1E27365100944E5E /* Info.plist */ = {isa = PBXFileReference; lastKnownFileType = text.plist.xml; path = Info.plist; sourceTree = "<group>"; };
		FE1D065A1E277EF800944E5E /* AVFoundation.framework */ = {isa = PBXFileReference; lastKnownFileType = wrapper.framework; name = AVFoundation.framework; path = System/Library/Frameworks/AVFoundation.framework; sourceTree = SDKROOT; };
		FE1D42571E299498002181AD /* Splash.png */ = {isa = PBXFileReference; lastKnownFileType = image.png; path = Splash.png; sourceTree = "<group>"; };
		FE2B12201E30A98400881A4D /* intro.mid */ = {isa = PBXFileReference; lastKnownFileType = audio.midi; path = intro.mid; sourceTree = "<group>"; };
		FE2B12221E30A9E200881A4D /* menu.mid */ = {isa = PBXFileReference; lastKnownFileType = audio.midi; path = menu.mid; sourceTree = "<group>"; };
		FE2B12241E30A9F600881A4D /* game1.mid */ = {isa = PBXFileReference; lastKnownFileType = audio.midi; path = game1.mid; sourceTree = "<group>"; };
		FE2B12261E30AEDD00881A4D /* generalsoundfont.sf2 */ = {isa = PBXFileReference; lastKnownFileType = file; path = generalsoundfont.sf2; sourceTree = "<group>"; };
		FE838E941E2F25C900E15154 /* mouseEvents.swift */ = {isa = PBXFileReference; fileEncoding = 4; lastKnownFileType = sourcecode.swift; path = mouseEvents.swift; sourceTree = "<group>"; };
		FEC733D01E2D5ECC00C84C65 /* intro.wav */ = {isa = PBXFileReference; lastKnownFileType = audio.wav; path = intro.wav; sourceTree = "<group>"; };
/* End PBXFileReference section */

/* Begin PBXFrameworksBuildPhase section */
		FE1D06281E27365000944E5E /* Frameworks */ = {
			isa = PBXFrameworksBuildPhase;
			buildActionMask = 2147483647;
			files = (
				FE1D065B1E277EF800944E5E /* AVFoundation.framework in Frameworks */,
			);
			runOnlyForDeploymentPostprocessing = 0;
		};
		FE1D06391E27365000944E5E /* Frameworks */ = {
			isa = PBXFrameworksBuildPhase;
			buildActionMask = 2147483647;
			files = (
			);
			runOnlyForDeploymentPostprocessing = 0;
		};
		FE1D06441E27365100944E5E /* Frameworks */ = {
			isa = PBXFrameworksBuildPhase;
			buildActionMask = 2147483647;
			files = (
			);
			runOnlyForDeploymentPostprocessing = 0;
		};
/* End PBXFrameworksBuildPhase section */

/* Begin PBXGroup section */
		FE1D06221E27365000944E5E = {
			isa = PBXGroup;
			children = (
				FE1D062D1E27365000944E5E /* Warcraft */,
				FE1D063F1E27365000944E5E /* WarcraftTests */,
				FE1D064A1E27365100944E5E /* WarcraftUITests */,
				FE1D062C1E27365000944E5E /* Products */,
				FE1D06591E277EF700944E5E /* Frameworks */,
			);
			sourceTree = "<group>";
		};
		FE1D062C1E27365000944E5E /* Products */ = {
			isa = PBXGroup;
			children = (
				FE1D062B1E27365000944E5E /* Warcraft.app */,
				FE1D063C1E27365000944E5E /* WarcraftTests.xctest */,
				FE1D06471E27365100944E5E /* WarcraftUITests.xctest */,
			);
			name = Products;
			sourceTree = "<group>";
		};
		FE1D062D1E27365000944E5E /* Warcraft */ = {
			isa = PBXGroup;
			children = (
				FE1D06631E27908100944E5E /* Startup Files */,
				FE1D062E1E27365000944E5E /* AppDelegate.swift */,
				FE1D06301E27365000944E5E /* ViewController.swift */,
				FE838E941E2F25C900E15154 /* mouseEvents.swift */,
				FE1D06321E27365000944E5E /* Assets.xcassets */,
				A9FCE1501E39B5C200B94F30 /* data */,
				FE1D06341E27365000944E5E /* Main.storyboard */,
				A9FCE1541E39F5FD00B94F30 /* MapRenderer.swift */,
				A9FCE1521E39F40800B94F30 /* SinglePlayerMap.swift */,
				FE1D06371E27365000944E5E /* Info.plist */,
			);
			path = Warcraft;
			sourceTree = "<group>";
		};
		FE1D063F1E27365000944E5E /* WarcraftTests */ = {
			isa = PBXGroup;
			children = (
				FE1D06401E27365000944E5E /* WarcraftTests.swift */,
				FE1D06421E27365000944E5E /* Info.plist */,
			);
			path = WarcraftTests;
			sourceTree = "<group>";
		};
		FE1D064A1E27365100944E5E /* WarcraftUITests */ = {
			isa = PBXGroup;
			children = (
				FE1D064B1E27365100944E5E /* WarcraftUITests.swift */,
				FE1D064D1E27365100944E5E /* Info.plist */,
			);
			path = WarcraftUITests;
			sourceTree = "<group>";
		};
		FE1D06591E277EF700944E5E /* Frameworks */ = {
			isa = PBXGroup;
			children = (
				FE1D065A1E277EF800944E5E /* AVFoundation.framework */,
			);
			name = Frameworks;
			sourceTree = "<group>";
		};
		FE1D06631E27908100944E5E /* Startup Files */ = {
			isa = PBXGroup;
			children = (
				FE1D42571E299498002181AD /* Splash.png */,
				FE2B12201E30A98400881A4D /* intro.mid */,
				FE2B12221E30A9E200881A4D /* menu.mid */,
				FE2B12241E30A9F600881A4D /* game1.mid */,
				FEC733D01E2D5ECC00C84C65 /* intro.wav */,
				FE2B12261E30AEDD00881A4D /* generalsoundfont.sf2 */,
			);
			name = "Startup Files";
			sourceTree = "<group>";
		};
/* End PBXGroup section */

/* Begin PBXNativeTarget section */
		FE1D062A1E27365000944E5E /* Warcraft */ = {
			isa = PBXNativeTarget;
			buildConfigurationList = FE1D06501E27365100944E5E /* Build configuration list for PBXNativeTarget "Warcraft" */;
			buildPhases = (
				FE1D06271E27365000944E5E /* Sources */,
				FE1D06281E27365000944E5E /* Frameworks */,
				FE1D06291E27365000944E5E /* Resources */,
			);
			buildRules = (
			);
			dependencies = (
			);
			name = Warcraft;
			productName = Warcraft;
			productReference = FE1D062B1E27365000944E5E /* Warcraft.app */;
			productType = "com.apple.product-type.application";
		};
		FE1D063B1E27365000944E5E /* WarcraftTests */ = {
			isa = PBXNativeTarget;
			buildConfigurationList = FE1D06531E27365100944E5E /* Build configuration list for PBXNativeTarget "WarcraftTests" */;
			buildPhases = (
				FE1D06381E27365000944E5E /* Sources */,
				FE1D06391E27365000944E5E /* Frameworks */,
				FE1D063A1E27365000944E5E /* Resources */,
			);
			buildRules = (
			);
			dependencies = (
				FE1D063E1E27365000944E5E /* PBXTargetDependency */,
			);
			name = WarcraftTests;
			productName = WarcraftTests;
			productReference = FE1D063C1E27365000944E5E /* WarcraftTests.xctest */;
			productType = "com.apple.product-type.bundle.unit-test";
		};
		FE1D06461E27365100944E5E /* WarcraftUITests */ = {
			isa = PBXNativeTarget;
			buildConfigurationList = FE1D06561E27365100944E5E /* Build configuration list for PBXNativeTarget "WarcraftUITests" */;
			buildPhases = (
				FE1D06431E27365100944E5E /* Sources */,
				FE1D06441E27365100944E5E /* Frameworks */,
				FE1D06451E27365100944E5E /* Resources */,
			);
			buildRules = (
			);
			dependencies = (
				FE1D06491E27365100944E5E /* PBXTargetDependency */,
			);
			name = WarcraftUITests;
			productName = WarcraftUITests;
			productReference = FE1D06471E27365100944E5E /* WarcraftUITests.xctest */;
			productType = "com.apple.product-type.bundle.ui-testing";
		};
/* End PBXNativeTarget section */

/* Begin PBXProject section */
		FE1D06231E27365000944E5E /* Project object */ = {
			isa = PBXProject;
			attributes = {
				LastSwiftUpdateCheck = 0820;
				LastUpgradeCheck = 0820;
				ORGANIZATIONNAME = "Kristoffer Solomon";
				TargetAttributes = {
					FE1D062A1E27365000944E5E = {
						CreatedOnToolsVersion = 8.2.1;
						LastSwiftMigration = 0820;
						ProvisioningStyle = Automatic;
					};
					FE1D063B1E27365000944E5E = {
						CreatedOnToolsVersion = 8.2.1;
						ProvisioningStyle = Automatic;
						TestTargetID = FE1D062A1E27365000944E5E;
					};
					FE1D06461E27365100944E5E = {
						CreatedOnToolsVersion = 8.2.1;
						ProvisioningStyle = Automatic;
						TestTargetID = FE1D062A1E27365000944E5E;
					};
				};
			};
			buildConfigurationList = FE1D06261E27365000944E5E /* Build configuration list for PBXProject "Warcraft" */;
			compatibilityVersion = "Xcode 3.2";
			developmentRegion = English;
			hasScannedForEncodings = 0;
			knownRegions = (
				en,
				Base,
			);
			mainGroup = FE1D06221E27365000944E5E;
			productRefGroup = FE1D062C1E27365000944E5E /* Products */;
			projectDirPath = "";
			projectRoot = "";
			targets = (
				FE1D062A1E27365000944E5E /* Warcraft */,
				FE1D063B1E27365000944E5E /* WarcraftTests */,
				FE1D06461E27365100944E5E /* WarcraftUITests */,
			);
		};
/* End PBXProject section */

/* Begin PBXResourcesBuildPhase section */
		FE1D06291E27365000944E5E /* Resources */ = {
			isa = PBXResourcesBuildPhase;
			buildActionMask = 2147483647;
			files = (
				FE2B12251E30A9F600881A4D /* game1.mid in Resources */,
				FE1D06331E27365000944E5E /* Assets.xcassets in Resources */,
				FEC733D11E2D5ECC00C84C65 /* intro.wav in Resources */,
				FE2B12231E30A9E200881A4D /* menu.mid in Resources */,
				FE1D06361E27365000944E5E /* Main.storyboard in Resources */,
				A9FCE1511E39B5C200B94F30 /* data in Resources */,
				FE2B12211E30A98400881A4D /* intro.mid in Resources */,
			);
			runOnlyForDeploymentPostprocessing = 0;
		};
		FE1D063A1E27365000944E5E /* Resources */ = {
			isa = PBXResourcesBuildPhase;
			buildActionMask = 2147483647;
			files = (
			);
			runOnlyForDeploymentPostprocessing = 0;
		};
		FE1D06451E27365100944E5E /* Resources */ = {
			isa = PBXResourcesBuildPhase;
			buildActionMask = 2147483647;
			files = (
			);
			runOnlyForDeploymentPostprocessing = 0;
		};
/* End PBXResourcesBuildPhase section */

/* Begin PBXSourcesBuildPhase section */
		FE1D06271E27365000944E5E /* Sources */ = {
			isa = PBXSourcesBuildPhase;
			buildActionMask = 2147483647;
			files = (
				A9FCE1531E39F40800B94F30 /* SinglePlayerMap.swift in Sources */,
				FE1D06311E27365000944E5E /* ViewController.swift in Sources */,
				FE838E951E2F25C900E15154 /* mouseEvents.swift in Sources */,
				FE1D062F1E27365000944E5E /* AppDelegate.swift in Sources */,
				A9FCE1551E39F5FD00B94F30 /* MapRenderer.swift in Sources */,
			);
			runOnlyForDeploymentPostprocessing = 0;
		};
		FE1D06381E27365000944E5E /* Sources */ = {
			isa = PBXSourcesBuildPhase;
			buildActionMask = 2147483647;
			files = (
				FE1D06411E27365000944E5E /* WarcraftTests.swift in Sources */,
			);
			runOnlyForDeploymentPostprocessing = 0;
		};
		FE1D06431E27365100944E5E /* Sources */ = {
			isa = PBXSourcesBuildPhase;
			buildActionMask = 2147483647;
			files = (
				FE1D064C1E27365100944E5E /* WarcraftUITests.swift in Sources */,
			);
			runOnlyForDeploymentPostprocessing = 0;
		};
/* End PBXSourcesBuildPhase section */

/* Begin PBXTargetDependency section */
		FE1D063E1E27365000944E5E /* PBXTargetDependency */ = {
			isa = PBXTargetDependency;
			target = FE1D062A1E27365000944E5E /* Warcraft */;
			targetProxy = FE1D063D1E27365000944E5E /* PBXContainerItemProxy */;
		};
		FE1D06491E27365100944E5E /* PBXTargetDependency */ = {
			isa = PBXTargetDependency;
			target = FE1D062A1E27365000944E5E /* Warcraft */;
			targetProxy = FE1D06481E27365100944E5E /* PBXContainerItemProxy */;
		};
/* End PBXTargetDependency section */

/* Begin PBXVariantGroup section */
		FE1D06341E27365000944E5E /* Main.storyboard */ = {
			isa = PBXVariantGroup;
			children = (
				FE1D06351E27365000944E5E /* Base */,
			);
			name = Main.storyboard;
			sourceTree = "<group>";
		};
/* End PBXVariantGroup section */

/* Begin XCBuildConfiguration section */
		FE1D064E1E27365100944E5E /* Debug */ = {
			isa = XCBuildConfiguration;
			buildSettings = {
				ALWAYS_SEARCH_USER_PATHS = NO;
				CLANG_ANALYZER_NONNULL = YES;
				CLANG_CXX_LANGUAGE_STANDARD = "gnu++0x";
				CLANG_CXX_LIBRARY = "libc++";
				CLANG_ENABLE_MODULES = YES;
				CLANG_ENABLE_OBJC_ARC = YES;
				CLANG_WARN_BOOL_CONVERSION = YES;
				CLANG_WARN_CONSTANT_CONVERSION = YES;
				CLANG_WARN_DIRECT_OBJC_ISA_USAGE = YES_ERROR;
				CLANG_WARN_DOCUMENTATION_COMMENTS = YES;
				CLANG_WARN_EMPTY_BODY = YES;
				CLANG_WARN_ENUM_CONVERSION = YES;
				CLANG_WARN_INFINITE_RECURSION = YES;
				CLANG_WARN_INT_CONVERSION = YES;
				CLANG_WARN_OBJC_ROOT_CLASS = YES_ERROR;
				CLANG_WARN_SUSPICIOUS_MOVE = YES;
				CLANG_WARN_UNREACHABLE_CODE = YES;
				CLANG_WARN__DUPLICATE_METHOD_MATCH = YES;
				CODE_SIGN_IDENTITY = "-";
				COPY_PHASE_STRIP = NO;
				DEBUG_INFORMATION_FORMAT = dwarf;
				ENABLE_STRICT_OBJC_MSGSEND = YES;
				ENABLE_TESTABILITY = YES;
				GCC_C_LANGUAGE_STANDARD = gnu99;
				GCC_DYNAMIC_NO_PIC = NO;
				GCC_NO_COMMON_BLOCKS = YES;
				GCC_OPTIMIZATION_LEVEL = 0;
				GCC_PREPROCESSOR_DEFINITIONS = (
					"DEBUG=1",
					"$(inherited)",
				);
				GCC_WARN_64_TO_32_BIT_CONVERSION = YES;
				GCC_WARN_ABOUT_RETURN_TYPE = YES_ERROR;
				GCC_WARN_UNDECLARED_SELECTOR = YES;
				GCC_WARN_UNINITIALIZED_AUTOS = YES_AGGRESSIVE;
				GCC_WARN_UNUSED_FUNCTION = YES;
				GCC_WARN_UNUSED_VARIABLE = YES;
				MACOSX_DEPLOYMENT_TARGET = 10.12;
				MTL_ENABLE_DEBUG_INFO = YES;
				ONLY_ACTIVE_ARCH = YES;
				SDKROOT = macosx;
				SWIFT_ACTIVE_COMPILATION_CONDITIONS = DEBUG;
				SWIFT_OPTIMIZATION_LEVEL = "-Onone";
			};
			name = Debug;
		};
		FE1D064F1E27365100944E5E /* Release */ = {
			isa = XCBuildConfiguration;
			buildSettings = {
				ALWAYS_SEARCH_USER_PATHS = NO;
				CLANG_ANALYZER_NONNULL = YES;
				CLANG_CXX_LANGUAGE_STANDARD = "gnu++0x";
				CLANG_CXX_LIBRARY = "libc++";
				CLANG_ENABLE_MODULES = YES;
				CLANG_ENABLE_OBJC_ARC = YES;
				CLANG_WARN_BOOL_CONVERSION = YES;
				CLANG_WARN_CONSTANT_CONVERSION = YES;
				CLANG_WARN_DIRECT_OBJC_ISA_USAGE = YES_ERROR;
				CLANG_WARN_DOCUMENTATION_COMMENTS = YES;
				CLANG_WARN_EMPTY_BODY = YES;
				CLANG_WARN_ENUM_CONVERSION = YES;
				CLANG_WARN_INFINITE_RECURSION = YES;
				CLANG_WARN_INT_CONVERSION = YES;
				CLANG_WARN_OBJC_ROOT_CLASS = YES_ERROR;
				CLANG_WARN_SUSPICIOUS_MOVE = YES;
				CLANG_WARN_UNREACHABLE_CODE = YES;
				CLANG_WARN__DUPLICATE_METHOD_MATCH = YES;
				CODE_SIGN_IDENTITY = "-";
				COPY_PHASE_STRIP = NO;
				DEBUG_INFORMATION_FORMAT = "dwarf-with-dsym";
				ENABLE_NS_ASSERTIONS = NO;
				ENABLE_STRICT_OBJC_MSGSEND = YES;
				GCC_C_LANGUAGE_STANDARD = gnu99;
				GCC_NO_COMMON_BLOCKS = YES;
				GCC_WARN_64_TO_32_BIT_CONVERSION = YES;
				GCC_WARN_ABOUT_RETURN_TYPE = YES_ERROR;
				GCC_WARN_UNDECLARED_SELECTOR = YES;
				GCC_WARN_UNINITIALIZED_AUTOS = YES_AGGRESSIVE;
				GCC_WARN_UNUSED_FUNCTION = YES;
				GCC_WARN_UNUSED_VARIABLE = YES;
				MACOSX_DEPLOYMENT_TARGET = 10.12;
				MTL_ENABLE_DEBUG_INFO = NO;
				SDKROOT = macosx;
				SWIFT_OPTIMIZATION_LEVEL = "-Owholemodule";
			};
			name = Release;
		};
		FE1D06511E27365100944E5E /* Debug */ = {
			isa = XCBuildConfiguration;
			buildSettings = {
				ASSETCATALOG_COMPILER_APPICON_NAME = AppIcon;
				CLANG_ENABLE_MODULES = YES;
				COMBINE_HIDPI_IMAGES = YES;
				INFOPLIST_FILE = Warcraft/Info.plist;
				LD_RUNPATH_SEARCH_PATHS = "$(inherited) @executable_path/../Frameworks";
				PRODUCT_BUNDLE_IDENTIFIER = OSX.Warcraft;
				PRODUCT_NAME = "$(TARGET_NAME)";
				SWIFT_OPTIMIZATION_LEVEL = "-Onone";
				SWIFT_VERSION = 3.0;
			};
			name = Debug;
		};
		FE1D06521E27365100944E5E /* Release */ = {
			isa = XCBuildConfiguration;
			buildSettings = {
				ASSETCATALOG_COMPILER_APPICON_NAME = AppIcon;
				CLANG_ENABLE_MODULES = YES;
				COMBINE_HIDPI_IMAGES = YES;
				INFOPLIST_FILE = Warcraft/Info.plist;
				LD_RUNPATH_SEARCH_PATHS = "$(inherited) @executable_path/../Frameworks";
				PRODUCT_BUNDLE_IDENTIFIER = OSX.Warcraft;
				PRODUCT_NAME = "$(TARGET_NAME)";
				SWIFT_VERSION = 3.0;
			};
			name = Release;
		};
		FE1D06541E27365100944E5E /* Debug */ = {
			isa = XCBuildConfiguration;
			buildSettings = {
				ALWAYS_EMBED_SWIFT_STANDARD_LIBRARIES = YES;
				BUNDLE_LOADER = "$(TEST_HOST)";
				COMBINE_HIDPI_IMAGES = YES;
				INFOPLIST_FILE = WarcraftTests/Info.plist;
				LD_RUNPATH_SEARCH_PATHS = "$(inherited) @executable_path/../Frameworks @loader_path/../Frameworks";
				PRODUCT_BUNDLE_IDENTIFIER = OSX.WarcraftTests;
				PRODUCT_NAME = "$(TARGET_NAME)";
				SWIFT_VERSION = 3.0;
				TEST_HOST = "$(BUILT_PRODUCTS_DIR)/Warcraft.app/Contents/MacOS/Warcraft";
			};
			name = Debug;
		};
		FE1D06551E27365100944E5E /* Release */ = {
			isa = XCBuildConfiguration;
			buildSettings = {
				ALWAYS_EMBED_SWIFT_STANDARD_LIBRARIES = YES;
				BUNDLE_LOADER = "$(TEST_HOST)";
				COMBINE_HIDPI_IMAGES = YES;
				INFOPLIST_FILE = WarcraftTests/Info.plist;
				LD_RUNPATH_SEARCH_PATHS = "$(inherited) @executable_path/../Frameworks @loader_path/../Frameworks";
				PRODUCT_BUNDLE_IDENTIFIER = OSX.WarcraftTests;
				PRODUCT_NAME = "$(TARGET_NAME)";
				SWIFT_VERSION = 3.0;
				TEST_HOST = "$(BUILT_PRODUCTS_DIR)/Warcraft.app/Contents/MacOS/Warcraft";
			};
			name = Release;
		};
		FE1D06571E27365100944E5E /* Debug */ = {
			isa = XCBuildConfiguration;
			buildSettings = {
				ALWAYS_EMBED_SWIFT_STANDARD_LIBRARIES = YES;
				COMBINE_HIDPI_IMAGES = YES;
				INFOPLIST_FILE = WarcraftUITests/Info.plist;
				LD_RUNPATH_SEARCH_PATHS = "$(inherited) @executable_path/../Frameworks @loader_path/../Frameworks";
				PRODUCT_BUNDLE_IDENTIFIER = OSX.WarcraftUITests;
				PRODUCT_NAME = "$(TARGET_NAME)";
				SWIFT_VERSION = 3.0;
				TEST_TARGET_NAME = Warcraft;
			};
			name = Debug;
		};
		FE1D06581E27365100944E5E /* Release */ = {
			isa = XCBuildConfiguration;
			buildSettings = {
				ALWAYS_EMBED_SWIFT_STANDARD_LIBRARIES = YES;
				COMBINE_HIDPI_IMAGES = YES;
				INFOPLIST_FILE = WarcraftUITests/Info.plist;
				LD_RUNPATH_SEARCH_PATHS = "$(inherited) @executable_path/../Frameworks @loader_path/../Frameworks";
				PRODUCT_BUNDLE_IDENTIFIER = OSX.WarcraftUITests;
				PRODUCT_NAME = "$(TARGET_NAME)";
				SWIFT_VERSION = 3.0;
				TEST_TARGET_NAME = Warcraft;
			};
			name = Release;
		};
/* End XCBuildConfiguration section */

/* Begin XCConfigurationList section */
		FE1D06261E27365000944E5E /* Build configuration list for PBXProject "Warcraft" */ = {
			isa = XCConfigurationList;
			buildConfigurations = (
				FE1D064E1E27365100944E5E /* Debug */,
				FE1D064F1E27365100944E5E /* Release */,
			);
			defaultConfigurationIsVisible = 0;
			defaultConfigurationName = Release;
		};
		FE1D06501E27365100944E5E /* Build configuration list for PBXNativeTarget "Warcraft" */ = {
			isa = XCConfigurationList;
			buildConfigurations = (
				FE1D06511E27365100944E5E /* Debug */,
				FE1D06521E27365100944E5E /* Release */,
			);
			defaultConfigurationIsVisible = 0;
			defaultConfigurationName = Release;
		};
		FE1D06531E27365100944E5E /* Build configuration list for PBXNativeTarget "WarcraftTests" */ = {
			isa = XCConfigurationList;
			buildConfigurations = (
				FE1D06541E27365100944E5E /* Debug */,
				FE1D06551E27365100944E5E /* Release */,
			);
			defaultConfigurationIsVisible = 0;
			defaultConfigurationName = Release;
		};
		FE1D06561E27365100944E5E /* Build configuration list for PBXNativeTarget "WarcraftUITests" */ = {
			isa = XCConfigurationList;
			buildConfigurations = (
				FE1D06571E27365100944E5E /* Debug */,
				FE1D06581E27365100944E5E /* Release */,
			);
			defaultConfigurationIsVisible = 0;
			defaultConfigurationName = Release;
		};
/* End XCConfigurationList section */
	};
	rootObject = FE1D06231E27365000944E5E /* Project object */;
}
